
Microsoft Visual Studio Solution File, Format Version 12.00
# Visual Studio Version 16
VisualStudioVersion = 16.0.29728.190
MinimumVisualStudioVersion = 10.0.40219.1
Project("{FAE04EC0-301F-11D3-BF4B-00C04F79EFBC}") = "RedSteakStocks", "RedSteakStocks\RedSteakStocks.csproj", "{C634F4AB-F8B1-49C9-80BB-494365F9C870}"
EndProject
Project("{FAE04EC0-301F-11D3-BF4B-00C04F79EFBC}") = "RedSteakStocks.Plots", "RedSteakStocks.Plots\RedSteakStocks.Plots.csproj", "{26BCD667-E2C2-4EEB-A028-5421731311E6}"
EndProject
Project("{FAE04EC0-301F-11D3-BF4B-00C04F79EFBC}") = "RedSteakStocks.Core", "RedSteakStocks.Core\RedSteakStocks.Core.csproj", "{5B259499-4DBB-434C-9387-F6CA7472330E}"
EndProject
Project("{9A19103F-16F7-4668-BE54-9A1E7A4F7556}") = "SkeletonCache", "..\Example0001\SkeletonCache\SkeletonCache.csproj", "{2010986E-E64E-4B8B-A33A-58883B10C282}"
EndProject
Global
	GlobalSection(SolutionConfigurationPlatforms) = preSolution
		Debug|Any CPU = Debug|Any CPU
		Release|Any CPU = Release|Any CPU
	EndGlobalSection
	GlobalSection(ProjectConfigurationPlatforms) = postSolution
		{C634F4AB-F8B1-49C9-80BB-494365F9C870}.Debug|Any CPU.ActiveCfg = Debug|Any CPU
		{C634F4AB-F8B1-49C9-80BB-494365F9C870}.Debug|Any CPU.Build.0 = Debug|Any CPU
		{C634F4AB-F8B1-49C9-80BB-494365F9C870}.Release|Any CPU.ActiveCfg = Release|Any CPU
		{C634F4AB-F8B1-49C9-80BB-494365F9C870}.Release|Any CPU.Build.0 = Release|Any CPU
		{26BCD667-E2C2-4EEB-A028-5421731311E6}.Debug|Any CPU.ActiveCfg = Debug|Any CPU
		{26BCD667-E2C2-4EEB-A028-5421731311E6}.Debug|Any CPU.Build.0 = Debug|Any CPU
		{26BCD667-E2C2-4EEB-A028-5421731311E6}.Release|Any CPU.ActiveCfg = Release|Any CPU
		{26BCD667-E2C2-4EEB-A028-5421731311E6}.Release|Any CPU.Build.0 = Release|Any CPU
		{5B259499-4DBB-434C-9387-F6CA7472330E}.Debug|Any CPU.ActiveCfg = Debug|Any CPU
		{5B259499-4DBB-434C-9387-F6CA7472330E}.Debug|Any CPU.Build.0 = Debug|Any CPU
		{5B259499-4DBB-434C-9387-F6CA7472330E}.Release|Any CPU.ActiveCfg = Release|Any CPU
		{5B259499-4DBB-434C-9387-F6CA7472330E}.Release|Any CPU.Build.0 = Release|Any CPU
		{2010986E-E64E-4B8B-A33A-58883B10C282}.Debug|Any CPU.ActiveCfg = Debug|Any CPU
		{2010986E-E64E-4B8B-A33A-58883B10C282}.Debug|Any CPU.Build.0 = Debug|Any CPU
		{2010986E-E64E-4B8B-A33A-58883B10C282}.Release|Any CPU.ActiveCfg = Release|Any CPU
		{2010986E-E64E-4B8B-A33A-58883B10C282}.Release|Any CPU.Build.0 = Release|Any CPU
	EndGlobalSection
	GlobalSection(SolutionProperties) = preSolution
		HideSolutionNode = FALSE
	EndGlobalSection
	GlobalSection(ExtensibilityGlobals) = postSolution
		SolutionGuid = {C5AC8E65-1DC6-42DE-8926-DA21B2CCA934}
	EndGlobalSection
EndGlobal
